
Microsoft Visual Studio Solution File, Format Version 12.00
# Visual Studio Version 17
VisualStudioVersion = 17.8.34330.188
MinimumVisualStudioVersion = 10.0.40219.1
Project("{9A19103F-16F7-4668-BE54-9A1E7A4F7556}") = "Day01", "Day01\Day01.csproj", "{CE4C3743-75F1-4C1B-879D-0C3C849460AD}"
EndProject
Project("{9A19103F-16F7-4668-BE54-9A1E7A4F7556}") = "Day02", "Day02\Day02.csproj", "{29BCD41F-ADFA-4512-8A33-0E405153291B}"
EndProject
Project("{FAE04EC0-301F-11D3-BF4B-00C04F79EFBC}") = "Day03", "Day03\Day03.csproj", "{2FEF97BF-2806-42EE-86FA-EE5EB8374975}"
EndProject
Project("{FAE04EC0-301F-11D3-BF4B-00C04F79EFBC}") = "Day04", "Day04\Day04.csproj", "{82893D28-44A7-4FC0-B122-240FE3F640A5}"
EndProject
Global
	GlobalSection(SolutionConfigurationPlatforms) = preSolution
		Debug|Any CPU = Debug|Any CPU
		Release|Any CPU = Release|Any CPU
	EndGlobalSection
	GlobalSection(ProjectConfigurationPlatforms) = postSolution
		{CE4C3743-75F1-4C1B-879D-0C3C849460AD}.Debug|Any CPU.ActiveCfg = Debug|Any CPU
		{CE4C3743-75F1-4C1B-879D-0C3C849460AD}.Debug|Any CPU.Build.0 = Debug|Any CPU
		{CE4C3743-75F1-4C1B-879D-0C3C849460AD}.Release|Any CPU.ActiveCfg = Release|Any CPU
		{CE4C3743-75F1-4C1B-879D-0C3C849460AD}.Release|Any CPU.Build.0 = Release|Any CPU
		{29BCD41F-ADFA-4512-8A33-0E405153291B}.Debug|Any CPU.ActiveCfg = Debug|Any CPU
		{29BCD41F-ADFA-4512-8A33-0E405153291B}.Debug|Any CPU.Build.0 = Debug|Any CPU
		{29BCD41F-ADFA-4512-8A33-0E405153291B}.Release|Any CPU.ActiveCfg = Release|Any CPU
		{29BCD41F-ADFA-4512-8A33-0E405153291B}.Release|Any CPU.Build.0 = Release|Any CPU
		{2FEF97BF-2806-42EE-86FA-EE5EB8374975}.Debug|Any CPU.ActiveCfg = Debug|Any CPU
		{2FEF97BF-2806-42EE-86FA-EE5EB8374975}.Debug|Any CPU.Build.0 = Debug|Any CPU
		{2FEF97BF-2806-42EE-86FA-EE5EB8374975}.Release|Any CPU.ActiveCfg = Release|Any CPU
		{2FEF97BF-2806-42EE-86FA-EE5EB8374975}.Release|Any CPU.Build.0 = Release|Any CPU
		{82893D28-44A7-4FC0-B122-240FE3F640A5}.Debug|Any CPU.ActiveCfg = Debug|Any CPU
		{82893D28-44A7-4FC0-B122-240FE3F640A5}.Debug|Any CPU.Build.0 = Debug|Any CPU
		{82893D28-44A7-4FC0-B122-240FE3F640A5}.Release|Any CPU.ActiveCfg = Release|Any CPU
		{82893D28-44A7-4FC0-B122-240FE3F640A5}.Release|Any CPU.Build.0 = Release|Any CPU
	EndGlobalSection
	GlobalSection(SolutionProperties) = preSolution
		HideSolutionNode = FALSE
	EndGlobalSection
	GlobalSection(ExtensibilityGlobals) = postSolution
		SolutionGuid = {4E7A0B17-63C3-40DD-836D-01CF090B32F7}
	EndGlobalSection
EndGlobal
