
Microsoft Visual Studio Solution File, Format Version 12.00
# Visual Studio Version 17
VisualStudioVersion = 17.4.33122.133
MinimumVisualStudioVersion = 10.0.40219.1
Project("{9A19103F-16F7-4668-BE54-9A1E7A4F7556}") = "Day1", "Day1\Day1.csproj", "{9EC6036E-83B8-497F-9865-B8C90C7B8036}"
EndProject
Project("{9A19103F-16F7-4668-BE54-9A1E7A4F7556}") = "Day2", "Day2\Day2.csproj", "{ACF7C705-0B29-47B9-BDAD-FAE036CE4496}"
EndProject
Project("{9A19103F-16F7-4668-BE54-9A1E7A4F7556}") = "Day3", "Day3\Day3.csproj", "{5008B14B-F4C4-4974-9AD8-2A0877C023EB}"
EndProject
Project("{9A19103F-16F7-4668-BE54-9A1E7A4F7556}") = "Day4", "Day4\Day4.csproj", "{FCA1561A-A19A-43CA-BAFE-180D6E4B5408}"
EndProject
Project("{9A19103F-16F7-4668-BE54-9A1E7A4F7556}") = "Day5", "Day5\Day5.csproj", "{2553CDD3-FD0B-4EC3-81E5-830AE8420841}"
EndProject
Project("{9A19103F-16F7-4668-BE54-9A1E7A4F7556}") = "Day6", "Day6\Day6.csproj", "{8B11F163-6206-468A-AB15-57535F9086E2}"
EndProject
Project("{9A19103F-16F7-4668-BE54-9A1E7A4F7556}") = "Day7", "Day7\Day7.csproj", "{DF5B8028-1152-4D09-9DD1-6AC131BFA1EA}"
EndProject
Project("{9A19103F-16F7-4668-BE54-9A1E7A4F7556}") = "Day8", "Day8\Day8.csproj", "{26C57070-D930-4874-B821-33129DC89687}"
EndProject
Project("{9A19103F-16F7-4668-BE54-9A1E7A4F7556}") = "Day9", "Day9\Day9.csproj", "{02A57DB4-4B36-4A31-82D1-EF586F0E33AD}"
EndProject
Project("{9A19103F-16F7-4668-BE54-9A1E7A4F7556}") = "Day10", "Day10\Day10.csproj", "{CAD7E729-841C-482A-B7DD-C5A64CC937E7}"
EndProject
Project("{9A19103F-16F7-4668-BE54-9A1E7A4F7556}") = "Day11", "Day11\Day11.csproj", "{99061FC6-AA66-479E-84B1-3103DA010DBF}"
EndProject
Project("{9A19103F-16F7-4668-BE54-9A1E7A4F7556}") = "Day12", "Day12\Day12.csproj", "{1217D8C8-F797-4CE1-BA49-D7DEEAFFDEF8}"
EndProject
Project("{9A19103F-16F7-4668-BE54-9A1E7A4F7556}") = "Day13", "Day13\Day13.csproj", "{950E664E-F5B4-4C5B-AE13-19A8DFFBF72E}"
EndProject
Project("{FAE04EC0-301F-11D3-BF4B-00C04F79EFBC}") = "Day14", "Day14\Day14.csproj", "{26DC659A-E3ED-444D-86D4-FCE765CE0759}"
EndProject
Global
	GlobalSection(SolutionConfigurationPlatforms) = preSolution
		Debug|Any CPU = Debug|Any CPU
		Release|Any CPU = Release|Any CPU
	EndGlobalSection
	GlobalSection(ProjectConfigurationPlatforms) = postSolution
		{9EC6036E-83B8-497F-9865-B8C90C7B8036}.Debug|Any CPU.ActiveCfg = Debug|Any CPU
		{9EC6036E-83B8-497F-9865-B8C90C7B8036}.Debug|Any CPU.Build.0 = Debug|Any CPU
		{9EC6036E-83B8-497F-9865-B8C90C7B8036}.Release|Any CPU.ActiveCfg = Release|Any CPU
		{9EC6036E-83B8-497F-9865-B8C90C7B8036}.Release|Any CPU.Build.0 = Release|Any CPU
		{ACF7C705-0B29-47B9-BDAD-FAE036CE4496}.Debug|Any CPU.ActiveCfg = Debug|Any CPU
		{ACF7C705-0B29-47B9-BDAD-FAE036CE4496}.Debug|Any CPU.Build.0 = Debug|Any CPU
		{ACF7C705-0B29-47B9-BDAD-FAE036CE4496}.Release|Any CPU.ActiveCfg = Release|Any CPU
		{ACF7C705-0B29-47B9-BDAD-FAE036CE4496}.Release|Any CPU.Build.0 = Release|Any CPU
		{5008B14B-F4C4-4974-9AD8-2A0877C023EB}.Debug|Any CPU.ActiveCfg = Debug|Any CPU
		{5008B14B-F4C4-4974-9AD8-2A0877C023EB}.Debug|Any CPU.Build.0 = Debug|Any CPU
		{5008B14B-F4C4-4974-9AD8-2A0877C023EB}.Release|Any CPU.ActiveCfg = Release|Any CPU
		{5008B14B-F4C4-4974-9AD8-2A0877C023EB}.Release|Any CPU.Build.0 = Release|Any CPU
		{FCA1561A-A19A-43CA-BAFE-180D6E4B5408}.Debug|Any CPU.ActiveCfg = Debug|Any CPU
		{FCA1561A-A19A-43CA-BAFE-180D6E4B5408}.Debug|Any CPU.Build.0 = Debug|Any CPU
		{FCA1561A-A19A-43CA-BAFE-180D6E4B5408}.Release|Any CPU.ActiveCfg = Release|Any CPU
		{FCA1561A-A19A-43CA-BAFE-180D6E4B5408}.Release|Any CPU.Build.0 = Release|Any CPU
		{2553CDD3-FD0B-4EC3-81E5-830AE8420841}.Debug|Any CPU.ActiveCfg = Debug|Any CPU
		{2553CDD3-FD0B-4EC3-81E5-830AE8420841}.Debug|Any CPU.Build.0 = Debug|Any CPU
		{2553CDD3-FD0B-4EC3-81E5-830AE8420841}.Release|Any CPU.ActiveCfg = Release|Any CPU
		{2553CDD3-FD0B-4EC3-81E5-830AE8420841}.Release|Any CPU.Build.0 = Release|Any CPU
		{8B11F163-6206-468A-AB15-57535F9086E2}.Debug|Any CPU.ActiveCfg = Debug|Any CPU
		{8B11F163-6206-468A-AB15-57535F9086E2}.Debug|Any CPU.Build.0 = Debug|Any CPU
		{8B11F163-6206-468A-AB15-57535F9086E2}.Release|Any CPU.ActiveCfg = Release|Any CPU
		{8B11F163-6206-468A-AB15-57535F9086E2}.Release|Any CPU.Build.0 = Release|Any CPU
		{DF5B8028-1152-4D09-9DD1-6AC131BFA1EA}.Debug|Any CPU.ActiveCfg = Debug|Any CPU
		{DF5B8028-1152-4D09-9DD1-6AC131BFA1EA}.Debug|Any CPU.Build.0 = Debug|Any CPU
		{DF5B8028-1152-4D09-9DD1-6AC131BFA1EA}.Release|Any CPU.ActiveCfg = Release|Any CPU
		{DF5B8028-1152-4D09-9DD1-6AC131BFA1EA}.Release|Any CPU.Build.0 = Release|Any CPU
		{26C57070-D930-4874-B821-33129DC89687}.Debug|Any CPU.ActiveCfg = Debug|Any CPU
		{26C57070-D930-4874-B821-33129DC89687}.Debug|Any CPU.Build.0 = Debug|Any CPU
		{26C57070-D930-4874-B821-33129DC89687}.Release|Any CPU.ActiveCfg = Release|Any CPU
		{26C57070-D930-4874-B821-33129DC89687}.Release|Any CPU.Build.0 = Release|Any CPU
		{02A57DB4-4B36-4A31-82D1-EF586F0E33AD}.Debug|Any CPU.ActiveCfg = Debug|Any CPU
		{02A57DB4-4B36-4A31-82D1-EF586F0E33AD}.Debug|Any CPU.Build.0 = Debug|Any CPU
		{02A57DB4-4B36-4A31-82D1-EF586F0E33AD}.Release|Any CPU.ActiveCfg = Release|Any CPU
		{02A57DB4-4B36-4A31-82D1-EF586F0E33AD}.Release|Any CPU.Build.0 = Release|Any CPU
		{CAD7E729-841C-482A-B7DD-C5A64CC937E7}.Debug|Any CPU.ActiveCfg = Debug|Any CPU
		{CAD7E729-841C-482A-B7DD-C5A64CC937E7}.Debug|Any CPU.Build.0 = Debug|Any CPU
		{CAD7E729-841C-482A-B7DD-C5A64CC937E7}.Release|Any CPU.ActiveCfg = Release|Any CPU
		{CAD7E729-841C-482A-B7DD-C5A64CC937E7}.Release|Any CPU.Build.0 = Release|Any CPU
		{99061FC6-AA66-479E-84B1-3103DA010DBF}.Debug|Any CPU.ActiveCfg = Debug|Any CPU
		{99061FC6-AA66-479E-84B1-3103DA010DBF}.Debug|Any CPU.Build.0 = Debug|Any CPU
		{99061FC6-AA66-479E-84B1-3103DA010DBF}.Release|Any CPU.ActiveCfg = Release|Any CPU
		{99061FC6-AA66-479E-84B1-3103DA010DBF}.Release|Any CPU.Build.0 = Release|Any CPU
		{1217D8C8-F797-4CE1-BA49-D7DEEAFFDEF8}.Debug|Any CPU.ActiveCfg = Debug|Any CPU
		{1217D8C8-F797-4CE1-BA49-D7DEEAFFDEF8}.Debug|Any CPU.Build.0 = Debug|Any CPU
		{1217D8C8-F797-4CE1-BA49-D7DEEAFFDEF8}.Release|Any CPU.ActiveCfg = Release|Any CPU
		{1217D8C8-F797-4CE1-BA49-D7DEEAFFDEF8}.Release|Any CPU.Build.0 = Release|Any CPU
		{950E664E-F5B4-4C5B-AE13-19A8DFFBF72E}.Debug|Any CPU.ActiveCfg = Debug|Any CPU
		{950E664E-F5B4-4C5B-AE13-19A8DFFBF72E}.Debug|Any CPU.Build.0 = Debug|Any CPU
		{950E664E-F5B4-4C5B-AE13-19A8DFFBF72E}.Release|Any CPU.ActiveCfg = Release|Any CPU
		{950E664E-F5B4-4C5B-AE13-19A8DFFBF72E}.Release|Any CPU.Build.0 = Release|Any CPU
		{26DC659A-E3ED-444D-86D4-FCE765CE0759}.Debug|Any CPU.ActiveCfg = Debug|Any CPU
		{26DC659A-E3ED-444D-86D4-FCE765CE0759}.Debug|Any CPU.Build.0 = Debug|Any CPU
		{26DC659A-E3ED-444D-86D4-FCE765CE0759}.Release|Any CPU.ActiveCfg = Release|Any CPU
		{26DC659A-E3ED-444D-86D4-FCE765CE0759}.Release|Any CPU.Build.0 = Release|Any CPU
	EndGlobalSection
	GlobalSection(SolutionProperties) = preSolution
		HideSolutionNode = FALSE
	EndGlobalSection
	GlobalSection(ExtensibilityGlobals) = postSolution
		SolutionGuid = {4EE43FA3-9D9F-4210-8124-B2C03A76236C}
	EndGlobalSection
EndGlobal
